
Microsoft Visual Studio Solution File, Format Version 12.00
# Visual Studio Version 17
VisualStudioVersion = 17.13.35913.81 d17.13
MinimumVisualStudioVersion = 10.0.40219.1
Project("{FAE04EC0-301F-11D3-BF4B-00C04F79EFBC}") = "lab3", "lab3\lab3.csproj", "{91B9FC1C-286F-45E1-8E2E-FEB5FD25378C}"
EndProject
Global
	GlobalSection(SolutionConfigurationPlatforms) = preSolution
		Debug|Any CPU = Debug|Any CPU
		Release|Any CPU = Release|Any CPU
	EndGlobalSection
	GlobalSection(ProjectConfigurationPlatforms) = postSolution
		{91B9FC1C-286F-45E1-8E2E-FEB5FD25378C}.Debug|Any CPU.ActiveCfg = Debug|Any CPU
		{91B9FC1C-286F-45E1-8E2E-FEB5FD25378C}.Debug|Any CPU.Build.0 = Debug|Any CPU
		{91B9FC1C-286F-45E1-8E2E-FEB5FD25378C}.Release|Any CPU.ActiveCfg = Release|Any CPU
		{91B9FC1C-286F-45E1-8E2E-FEB5FD25378C}.Release|Any CPU.Build.0 = Release|Any CPU
	EndGlobalSection
	GlobalSection(SolutionProperties) = preSolution
		HideSolutionNode = FALSE
	EndGlobalSection
	GlobalSection(ExtensibilityGlobals) = postSolution
		SolutionGuid = {B32BB94A-2D46-4EF5-9BFB-6755EE1A85D3}
	EndGlobalSection
EndGlobal
